PODS:
  - Alamofire (4.5.0)
  - Colours (5.13.0):
    - Colours/ObjC (= 5.13.0)
  - Colours/ObjC (5.13.0)
  - Crashlytics (3.8.5):
    - Fabric (~> 1.6.3)
  - DateTools (2.0.0)
  - DZNEmptyDataSet (1.8.1)
  - EVReflection (4.16.3):
    - EVReflection/Core (= 4.16.3)
  - EVReflection/Core (4.16.3)
  - Fabric (1.6.12)
  - Firebase/Auth (4.0.4):
    - Firebase/Core
    - FirebaseAuth (= 4.0.0)
  - Firebase/Core (4.0.4):
    - FirebaseAnalytics (= 4.0.2)
    - FirebaseCore (= 4.0.4)
  - Firebase/Crash (4.0.4):
    - Firebase/Core
    - FirebaseCrash (= 2.0.0)
  - Firebase/Messaging (4.0.4):
    - Firebase/Core
    - FirebaseMessaging (= 2.0.0)
  - FirebaseAnalytics (4.0.2):
    - FirebaseCore (~> 4.0)
    - FirebaseInstanceID (~> 2.0)
    - GoogleToolboxForMac/NSData+zlib (~> 2.1)
  - FirebaseAuth (4.0.0):
    - FirebaseAnalytics (~> 4.0)
    - GoogleToolboxForMac/NSDictionary+URLArguments (~> 2.1)
    - GTMSessionFetcher/Core (~> 1.1)
  - FirebaseCore (4.0.4):
    - GoogleToolboxForMac/NSData+zlib (~> 2.1)
    - nanopb (~> 0.3)
  - FirebaseCrash (2.0.0):
    - FirebaseAnalytics (~> 4.0)
    - FirebaseInstanceID (~> 2.0)
    - GoogleToolboxForMac/Logger (~> 2.1)
    - GoogleToolboxForMac/NSData+zlib (~> 2.1)
    - Protobuf (~> 3.1)
  - FirebaseInstanceID (2.0.0):
    - FirebaseCore (~> 4.0)
  - FirebaseMessaging (2.0.0):
    - FirebaseAnalytics (~> 4.0)
    - FirebaseCore (~> 4.0)
    - FirebaseInstanceID (~> 2.0)
    - GoogleToolboxForMac/Logger (~> 2.1)
    - Protobuf (~> 3.1)
  - GoogleSignIn (4.0.2):
    - GoogleToolboxForMac/NSDictionary+URLArguments (~> 2.1)
    - GoogleToolboxForMac/NSString+URLArguments (~> 2.1)
    - GTMOAuth2 (~> 1.0)
    - GTMSessionFetcher/Core (~> 1.1)
  - GoogleToolboxForMac/DebugUtils (2.1.1):
    - GoogleToolboxForMac/Defines (= 2.1.1)
  - GoogleToolboxForMac/Defines (2.1.1)
  - GoogleToolboxForMac/Logger (2.1.1):
    - GoogleToolboxForMac/Defines (= 2.1.1)
  - GoogleToolboxForMac/NSData+zlib (2.1.1):
    - GoogleToolboxForMac/Defines (= 2.1.1)
  - GoogleToolboxForMac/NSDictionary+URLArguments (2.1.1):
    - GoogleToolboxForMac/DebugUtils (= 2.1.1)
    - GoogleToolboxForMac/Defines (= 2.1.1)
    - GoogleToolboxForMac/NSString+URLArguments (= 2.1.1)
  - GoogleToolboxForMac/NSString+URLArguments (2.1.1)
  - GTMOAuth2 (1.1.4):
    - GTMSessionFetcher (~> 1.1)
  - GTMSessionFetcher (1.1.11):
    - GTMSessionFetcher/Full (= 1.1.11)
  - GTMSessionFetcher/Core (1.1.11)
  - GTMSessionFetcher/Full (1.1.11):
    - GTMSessionFetcher/Core (= 1.1.11)
  - INTULocationManager (4.2.0)
  - JSONModel (1.7.0)
  - JVFloatLabeledTextField (1.1.1)
  - Masonry (1.0.2)
  - MBProgressHUD (1.0.0)
  - nanopb (0.3.8):
    - nanopb/decode (= 0.3.8)
    - nanopb/encode (= 0.3.8)
  - nanopb/decode (0.3.8)
  - nanopb/encode (0.3.8)
  - Protobuf (3.3.0)
  - PXAlertView (0.1.1)
  - SDWebImage (3.8.2):
    - SDWebImage/Core (= 3.8.2)
  - SDWebImage/Core (3.8.2)
  - TPKeyboardAvoiding (1.3.1)
  - TTTAttributedLabel (2.0.0)
  - UIActivityIndicator-for-SDWebImage (1.2):
    - SDWebImage (~> 3.7)

DEPENDENCIES:
  - Alamofire (~> 4.0)
  - Colours
  - Crashlytics
  - DateTools
  - DZNEmptyDataSet
  - EVReflection
  - Fabric
  - Firebase/Auth
  - Firebase/Core
  - Firebase/Crash
  - Firebase/Messaging
  - GoogleSignIn
  - INTULocationManager
  - JSONModel
  - JVFloatLabeledTextField (from `https://github.com/valabal/JVFloatLabeledTextField.git`)
  - Masonry
  - MBProgressHUD
  - PXAlertView (from `https://github.com/valabal/PXAlertView.git`)
  - SDWebImage
  - TPKeyboardAvoiding
  - TTTAttributedLabel
  - UIActivityIndicator-for-SDWebImage

EXTERNAL SOURCES:
  JVFloatLabeledTextField:
    :git: https://github.com/valabal/JVFloatLabeledTextField.git
  PXAlertView:
    :git: https://github.com/valabal/PXAlertView.git

CHECKOUT OPTIONS:
  JVFloatLabeledTextField:
    :commit: 27d616fd5dfa569a86de614ea963611640c89f64
    :git: https://github.com/valabal/JVFloatLabeledTextField.git
  PXAlertView:
    :commit: 49c129e808942966f750beff4a9f6d38183a93d9
    :git: https://github.com/valabal/PXAlertView.git

SPEC CHECKSUMS:
  Alamofire: f28cdffd29de33a7bfa022cbd63ae95a27fae140
  Colours: f24220c38f13deac88612667e9b4a7fb96b871d4
  Crashlytics: dfbae35ef22ca189240d230ad501feea4ee85d2d
  DateTools: 933ac9c490f21f92127cf690ccd8c397e0126caf
  DZNEmptyDataSet: 9525833b9e68ac21c30253e1d3d7076cc828eaa7
  EVReflection: 78a60b3c628a2e765652cdc554a903a3e40b16c8
  Fabric: f050464eac45a2ce5a8e6e6a07e977c0df32fe28
  Firebase: 1492bf04e1b73a7353b4fb2cf5a20bac9692f341
  FirebaseAnalytics: ad41720e3e67fc63fbe3d2948d3e26932a8de311
  FirebaseAuth: ebb6abcbabae00fc47446d690c19ce68d8484fde
  FirebaseCore: cfc042628ef9f20debe09c0eb683135fcd404cb4
  FirebaseCrash: 600ec2cbd8e10c3064a42de2c6ee7687bd02a076
  FirebaseInstanceID: 9fbf536668f4d3f0880e7438456dabd1376e294b
  FirebaseMessaging: 227406c05b0dc9290702d2e9f18ab5528f0c2cf2
  GoogleSignIn: d7ad83f13480e1f30453471d00d19b5293ac46af
  GoogleToolboxForMac: 8e329f1b599f2512c6b10676d45736bcc2cbbeb0
  GTMOAuth2: 7fc9c10f5c745f4d9850419ea88889fe3baa6b7d
  GTMSessionFetcher: 5ad62e8200fa00ed011fe5e08d27fef72c5b1429
  INTULocationManager: 73f8254b3d05c897c56bb13c190e5b7c648c0998
  JSONModel: 840bc0fcffb24b8454d2c026bf26fea454b8e98d
  JVFloatLabeledTextField: 0e5524b097f102036214dd8279edc8ecf08b5e18
  Masonry: 7c429b56da9d4ee0bbb3ed77a5ea710d6a5df39e
  MBProgressHUD: 4890f671c94e8a0f3cf959aa731e9de2f036d71a
  nanopb: 5601e6bca2dbf1ed831b519092ec110f66982ca3
  Protobuf: d582fecf68201eac3d79ed61369ef45734394b9c
  PXAlertView: bb8a7e6bb95f73fe3fe091cacd279b683460f084
  SDWebImage: 098e97e6176540799c27e804c96653ee0833d13c
  TPKeyboardAvoiding: 0d6af20e95e2850f4c621841225b59ec7d8dd852
  TTTAttributedLabel: 8cffe8e127e4e82ff3af1e5386d4cd0ad000b656
  UIActivityIndicator-for-SDWebImage: 7bf7ebbf0ed1747dedc0d6e949c4603a6d0f9e0c

PODFILE CHECKSUM: 08dc26e9ae955d6b15f7114aed2dbc0d6db2aeb8

COCOAPODS: 1.1.1
